
Microsoft Visual Studio Solution File, Format Version 12.00
# Visual Studio Version 17
VisualStudioVersion = 17.0.31903.59
MinimumVisualStudioVersion = 10.0.40219.1
Project("{2150E333-8FDC-42A3-9474-1A3956D46DE8}") = "main-server", "main-server", "{D82F3E30-F588-4A02-9DAA-0348ABAB270F}"
EndProject
Project("{FAE04EC0-301F-11D3-BF4B-00C04F79EFBC}") = "StdbModule", "main-server\spacetimedb\StdbModule.csproj", "{AE1F5974-600D-4EC6-BBC6-632D748921C5}"
EndProject
Global
	GlobalSection(SolutionConfigurationPlatforms) = preSolution
		Debug|Any CPU = Debug|Any CPU
		Release|Any CPU = Release|Any CPU
	EndGlobalSection
	GlobalSection(SolutionProperties) = preSolution
		HideSolutionNode = FALSE
	EndGlobalSection
	GlobalSection(ProjectConfigurationPlatforms) = postSolution
		{AE1F5974-600D-4EC6-BBC6-632D748921C5}.Debug|Any CPU.ActiveCfg = Debug|Any CPU
		{AE1F5974-600D-4EC6-BBC6-632D748921C5}.Debug|Any CPU.Build.0 = Debug|Any CPU
		{AE1F5974-600D-4EC6-BBC6-632D748921C5}.Release|Any CPU.ActiveCfg = Release|Any CPU
		{AE1F5974-600D-4EC6-BBC6-632D748921C5}.Release|Any CPU.Build.0 = Release|Any CPU
	EndGlobalSection
	GlobalSection(NestedProjects) = preSolution
		{AE1F5974-600D-4EC6-BBC6-632D748921C5} = {D82F3E30-F588-4A02-9DAA-0348ABAB270F}
	EndGlobalSection
EndGlobal
