Microsoft Visual Studio Solution File, Format Version 12.00
# Visual Studio Version 17
VisualStudioVersion = 17.5.2.0
MinimumVisualStudioVersion = 10.0.40219.1
Project("{2150E333-8FDC-42A3-9474-1A3956D46DE8}") = "main-server", "main-server", "{49E76C08-267C-9FA5-1570-581C6C087579}"
EndProject
Project("{FAE04EC0-301F-11D3-BF4B-00C04F79EFBC}") = "StdbModule", "main-server\spacetimedb\StdbModule.csproj", "{F055E6E9-A1CD-2833-EF26-C75C8C4CC4B7}"
EndProject
Global
	GlobalSection(SolutionConfigurationPlatforms) = preSolution
		Debug|Any CPU = Debug|Any CPU
		Release|Any CPU = Release|Any CPU
	EndGlobalSection
	GlobalSection(ProjectConfigurationPlatforms) = postSolution
		{F055E6E9-A1CD-2833-EF26-C75C8C4CC4B7}.Debug|Any CPU.ActiveCfg = Debug|Any CPU
		{F055E6E9-A1CD-2833-EF26-C75C8C4CC4B7}.Debug|Any CPU.Build.0 = Debug|Any CPU
		{F055E6E9-A1CD-2833-EF26-C75C8C4CC4B7}.Release|Any CPU.ActiveCfg = Release|Any CPU
		{F055E6E9-A1CD-2833-EF26-C75C8C4CC4B7}.Release|Any CPU.Build.0 = Release|Any CPU
	EndGlobalSection
	GlobalSection(SolutionProperties) = preSolution
		HideSolutionNode = FALSE
	EndGlobalSection
	GlobalSection(NestedProjects) = preSolution
		{F055E6E9-A1CD-2833-EF26-C75C8C4CC4B7} = {49E76C08-267C-9FA5-1570-581C6C087579}
	EndGlobalSection
	GlobalSection(ExtensibilityGlobals) = postSolution
		SolutionGuid = {32AF89CC-DA28-4ADB-BC46-7D3A01D5289A}
	EndGlobalSection
EndGlobal
